
Microsoft Visual Studio Solution File, Format Version 12.00
# Visual Studio Version 17
VisualStudioVersion = 17.3.32901.215
MinimumVisualStudioVersion = 10.0.40219.1
Project("{9A19103F-16F7-4668-BE54-9A1E7A4F7556}") = "G16_202201103", "G16_202201103\G16_202201103.csproj", "{9E111345-664D-4EEC-BD6D-CEA48D79AE0C}"
EndProject
Project("{FAE04EC0-301F-11D3-BF4B-00C04F79EFBC}") = "MyLinq", "MyLinq\MyLinq.csproj", "{AAED8BE6-7D99-42B8-A298-659E4CAFD480}"
EndProject
Global
	GlobalSection(SolutionConfigurationPlatforms) = preSolution
		Debug|Any CPU = Debug|Any CPU
		Release|Any CPU = Release|Any CPU
	EndGlobalSection
	GlobalSection(ProjectConfigurationPlatforms) = postSolution
		{9E111345-664D-4EEC-BD6D-CEA48D79AE0C}.Debug|Any CPU.ActiveCfg = Debug|Any CPU
		{9E111345-664D-4EEC-BD6D-CEA48D79AE0C}.Debug|Any CPU.Build.0 = Debug|Any CPU
		{9E111345-664D-4EEC-BD6D-CEA48D79AE0C}.Release|Any CPU.ActiveCfg = Release|Any CPU
		{9E111345-664D-4EEC-BD6D-CEA48D79AE0C}.Release|Any CPU.Build.0 = Release|Any CPU
		{AAED8BE6-7D99-42B8-A298-659E4CAFD480}.Debug|Any CPU.ActiveCfg = Debug|Any CPU
		{AAED8BE6-7D99-42B8-A298-659E4CAFD480}.Debug|Any CPU.Build.0 = Debug|Any CPU
		{AAED8BE6-7D99-42B8-A298-659E4CAFD480}.Release|Any CPU.ActiveCfg = Release|Any CPU
		{AAED8BE6-7D99-42B8-A298-659E4CAFD480}.Release|Any CPU.Build.0 = Release|Any CPU
	EndGlobalSection
	GlobalSection(SolutionProperties) = preSolution
		HideSolutionNode = FALSE
	EndGlobalSection
	GlobalSection(ExtensibilityGlobals) = postSolution
		SolutionGuid = {15665023-0157-4DCF-9C5A-2A05AD02D677}
	EndGlobalSection
EndGlobal
